
Microsoft Visual Studio Solution File, Format Version 12.00
# Visual Studio Version 16
VisualStudioVersion = 16.0.29324.140
MinimumVisualStudioVersion = 10.0.40219.1
Project("{9A19103F-16F7-4668-BE54-9A1E7A4F7556}") = "TibiaThQueuer", "TibiaThQueuer\TibiaThQueuer.csproj", "{37D05679-20B3-45E9-8D50-378E3646458B}"
EndProject
Project("{9A19103F-16F7-4668-BE54-9A1E7A4F7556}") = "Models", "Models\Models.csproj", "{2A06D259-FAB1-4DBF-AEC8-C128385297F8}"
EndProject
Project("{9A19103F-16F7-4668-BE54-9A1E7A4F7556}") = "Data", "Data\Data.csproj", "{EBB70E33-8F0A-467E-8C30-6DCAC477F96B}"
EndProject
Project("{9A19103F-16F7-4668-BE54-9A1E7A4F7556}") = "Services", "Services\Services.csproj", "{97FB3F9E-00E5-4777-BB4D-488AB04C175B}"
EndProject
Project("{9A19103F-16F7-4668-BE54-9A1E7A4F7556}") = "Common", "Common\Common.csproj", "{0762237E-AF68-4B68-A0C7-7BB4E6404350}"
EndProject
Project("{FAE04EC0-301F-11D3-BF4B-00C04F79EFBC}") = "UnitTests.Common", "UnitTests.Common\UnitTests.Common.csproj", "{DDD9E4C6-9D70-496E-B5A9-2B6BBD74F32F}"
EndProject
Project("{FAE04EC0-301F-11D3-BF4B-00C04F79EFBC}") = "UnitTests.Services", "UnitTests.Services\UnitTests.Services.csproj", "{566C6D4C-5B7E-4985-A15F-34C0CCAD2B83}"
EndProject
Global
	GlobalSection(SolutionConfigurationPlatforms) = preSolution
		Debug|Any CPU = Debug|Any CPU
		Release|Any CPU = Release|Any CPU
	EndGlobalSection
	GlobalSection(ProjectConfigurationPlatforms) = postSolution
		{37D05679-20B3-45E9-8D50-378E3646458B}.Debug|Any CPU.ActiveCfg = Debug|Any CPU
		{37D05679-20B3-45E9-8D50-378E3646458B}.Debug|Any CPU.Build.0 = Debug|Any CPU
		{37D05679-20B3-45E9-8D50-378E3646458B}.Release|Any CPU.ActiveCfg = Release|Any CPU
		{37D05679-20B3-45E9-8D50-378E3646458B}.Release|Any CPU.Build.0 = Release|Any CPU
		{2A06D259-FAB1-4DBF-AEC8-C128385297F8}.Debug|Any CPU.ActiveCfg = Debug|Any CPU
		{2A06D259-FAB1-4DBF-AEC8-C128385297F8}.Debug|Any CPU.Build.0 = Debug|Any CPU
		{2A06D259-FAB1-4DBF-AEC8-C128385297F8}.Release|Any CPU.ActiveCfg = Release|Any CPU
		{2A06D259-FAB1-4DBF-AEC8-C128385297F8}.Release|Any CPU.Build.0 = Release|Any CPU
		{EBB70E33-8F0A-467E-8C30-6DCAC477F96B}.Debug|Any CPU.ActiveCfg = Debug|Any CPU
		{EBB70E33-8F0A-467E-8C30-6DCAC477F96B}.Debug|Any CPU.Build.0 = Debug|Any CPU
		{EBB70E33-8F0A-467E-8C30-6DCAC477F96B}.Release|Any CPU.ActiveCfg = Release|Any CPU
		{EBB70E33-8F0A-467E-8C30-6DCAC477F96B}.Release|Any CPU.Build.0 = Release|Any CPU
		{97FB3F9E-00E5-4777-BB4D-488AB04C175B}.Debug|Any CPU.ActiveCfg = Debug|Any CPU
		{97FB3F9E-00E5-4777-BB4D-488AB04C175B}.Debug|Any CPU.Build.0 = Debug|Any CPU
		{97FB3F9E-00E5-4777-BB4D-488AB04C175B}.Release|Any CPU.ActiveCfg = Release|Any CPU
		{97FB3F9E-00E5-4777-BB4D-488AB04C175B}.Release|Any CPU.Build.0 = Release|Any CPU
		{0762237E-AF68-4B68-A0C7-7BB4E6404350}.Debug|Any CPU.ActiveCfg = Debug|Any CPU
		{0762237E-AF68-4B68-A0C7-7BB4E6404350}.Debug|Any CPU.Build.0 = Debug|Any CPU
		{0762237E-AF68-4B68-A0C7-7BB4E6404350}.Release|Any CPU.ActiveCfg = Release|Any CPU
		{0762237E-AF68-4B68-A0C7-7BB4E6404350}.Release|Any CPU.Build.0 = Release|Any CPU
		{DDD9E4C6-9D70-496E-B5A9-2B6BBD74F32F}.Debug|Any CPU.ActiveCfg = Debug|Any CPU
		{DDD9E4C6-9D70-496E-B5A9-2B6BBD74F32F}.Debug|Any CPU.Build.0 = Debug|Any CPU
		{DDD9E4C6-9D70-496E-B5A9-2B6BBD74F32F}.Release|Any CPU.ActiveCfg = Release|Any CPU
		{DDD9E4C6-9D70-496E-B5A9-2B6BBD74F32F}.Release|Any CPU.Build.0 = Release|Any CPU
		{566C6D4C-5B7E-4985-A15F-34C0CCAD2B83}.Debug|Any CPU.ActiveCfg = Debug|Any CPU
		{566C6D4C-5B7E-4985-A15F-34C0CCAD2B83}.Debug|Any CPU.Build.0 = Debug|Any CPU
		{566C6D4C-5B7E-4985-A15F-34C0CCAD2B83}.Release|Any CPU.ActiveCfg = Release|Any CPU
		{566C6D4C-5B7E-4985-A15F-34C0CCAD2B83}.Release|Any CPU.Build.0 = Release|Any CPU
	EndGlobalSection
	GlobalSection(SolutionProperties) = preSolution
		HideSolutionNode = FALSE
	EndGlobalSection
	GlobalSection(ExtensibilityGlobals) = postSolution
		SolutionGuid = {0C0FEE75-84E4-47E5-8594-C5948AD0F564}
	EndGlobalSection
EndGlobal
